
Microsoft Visual Studio Solution File, Format Version 12.00
# Visual Studio Version 17
VisualStudioVersion = 17.3.32825.248
MinimumVisualStudioVersion = 10.0.40219.1
Project("{FAE04EC0-301F-11D3-BF4B-00C04F79EFBC}") = "ProjectForGit", "ProjectForGit\ProjectForGit.csproj", "{DD8E1BDB-7F13-43B0-9E83-8D7B9223508F}"
EndProject
Global
	GlobalSection(SolutionConfigurationPlatforms) = preSolution
		Debug|Any CPU = Debug|Any CPU
		Release|Any CPU = Release|Any CPU
	EndGlobalSection
	GlobalSection(ProjectConfigurationPlatforms) = postSolution
		{DD8E1BDB-7F13-43B0-9E83-8D7B9223508F}.Debug|Any CPU.ActiveCfg = Debug|Any CPU
		{DD8E1BDB-7F13-43B0-9E83-8D7B9223508F}.Debug|Any CPU.Build.0 = Debug|Any CPU
		{DD8E1BDB-7F13-43B0-9E83-8D7B9223508F}.Release|Any CPU.ActiveCfg = Release|Any CPU
		{DD8E1BDB-7F13-43B0-9E83-8D7B9223508F}.Release|Any CPU.Build.0 = Release|Any CPU
	EndGlobalSection
	GlobalSection(SolutionProperties) = preSolution
		HideSolutionNode = FALSE
	EndGlobalSection
	GlobalSection(ExtensibilityGlobals) = postSolution
		SolutionGuid = {7B94A77A-4392-4DB8-9000-8915F7AAF36D}
	EndGlobalSection
EndGlobal
